lockfileVersion: '9.0'

settings:
  autoInstallPeers: true
  excludeLinksFromLockfile: false

importers:

  .:
    dependencies:
      '@envio-dev/hypersync-client':
        specifier: ^0.6.5
        version: 0.6.5
      viem:
        specifier: ^2.33.3
        version: 2.33.3(typescript@5.9.2)
    devDependencies:
      '@types/node':
        specifier: ^24.2.1
        version: 24.2.1
      typescript:
        specifier: ^5.9.2
        version: 5.9.2

packages:

  '@adraffy/ens-normalize@1.11.0':
    resolution: {integrity: sha512-/3DDPKHqqIqxUULp8yP4zODUY1i+2xvVWsv8A79xGWdCAG+8sb0hRh0Rk2QyOJUnnbyPUAZYcpBuRe3nS2OIUg==}

  '@envio-dev/hypersync-client-darwin-arm64@0.6.5':
    resolution: {integrity: sha512-BjFmDFd+7QKuEkjlvwQjKy9b+ZWidkZHyKPjKSDg6u3KJe+fr+uY3rsW9TXNscUxJvl8YxJ2mZl0svOH7ukTyQ==}
    engines: {node: '>= 10'}
    cpu: [arm64]
    os: [darwin]

  '@envio-dev/hypersync-client-darwin-x64@0.6.5':
    resolution: {integrity: sha512-XT1l6bfsXgZqxh8BZbPoP/3Zk0Xvwzr/ZKVmzXR5ZhPxDgEVUJMg4Rd1oy8trd1K+uevqOr2DbuIGvM7k2hb8A==}
    engines: {node: '>= 10'}
    cpu: [x64]
    os: [darwin]

  '@envio-dev/hypersync-client-linux-arm64-gnu@0.6.5':
    resolution: {integrity: sha512-MPTXagjE8/XQhNiZokIJWYqDcizf++TKOjbfYgCzlS6jzwgmeZs6WYcdYFC3FSaJyc9GX4diJ4GKOgbpR4XWtw==}
    engines: {node: '>= 10'}
    cpu: [arm64]
    os: [linux]

  '@envio-dev/hypersync-client-linux-x64-gnu@0.6.5':
    resolution: {integrity: sha512-DUDY19T2O+ciniP8RHWEv6ziaCdVkkVVLhfXiovpLy+oR1K/+h7osUHD1HCPolibaU3V2EDpqTDhKBtvPXUGaQ==}
    engines: {node: '>= 10'}
    cpu: [x64]
    os: [linux]

  '@envio-dev/hypersync-client-linux-x64-musl@0.6.5':
    resolution: {integrity: sha512-VolsHvPrk5PAdHN0ht1iowwXz7bwJO0L5qDuw3eSKF4qHuAzlwImB1CRhJrMIaE8McsDnN6fSlqDeTPRmzS/Ug==}
    engines: {node: '>= 10'}
    cpu: [x64]
    os: [linux]

  '@envio-dev/hypersync-client-win32-x64-msvc@0.6.5':
    resolution: {integrity: sha512-D+bkkWbCsbgaTrhyVdXHysKUCVzFpkWoxmaHnm2anad7+yKKfx15afYirtZMTKc7CLkYqganghN4QsBsEHl3Iw==}
    engines: {node: '>= 10'}
    cpu: [x64]
    os: [win32]

  '@envio-dev/hypersync-client@0.6.5':
    resolution: {integrity: sha512-mii+ponVo5ZmVOlEtJxyugGHuIuzYp5bVfr88mCuRwcWZIkNrWfad/aAW6H7YNe63E0gq0ePtRDrkLzlpAUuGQ==}
    engines: {node: '>= 10'}

  '@noble/ciphers@1.3.0':
    resolution: {integrity: sha512-2I0gnIVPtfnMw9ee9h1dJG7tp81+8Ob3OJb3Mv37rx5L40/b0i7djjCVvGOVqc9AEIQyvyu1i6ypKdFw8R8gQw==}
    engines: {node: ^14.21.3 || >=16}

  '@noble/curves@1.9.2':
    resolution: {integrity: sha512-HxngEd2XUcg9xi20JkwlLCtYwfoFw4JGkuZpT+WlsPD4gB/cxkvTD8fSsoAnphGZhFdZYKeQIPCuFlWPm1uE0g==}
    engines: {node: ^14.21.3 || >=16}

  '@noble/hashes@1.8.0':
    resolution: {integrity: sha512-jCs9ldd7NwzpgXDIf6P3+NrHh9/sD6CQdxHyjQI+h/6rDNo88ypBxxz45UDuZHz9r3tNz7N/VInSVoVdtXEI4A==}
    engines: {node: ^14.21.3 || >=16}

  '@scure/base@1.2.6':
    resolution: {integrity: sha512-g/nm5FgUa//MCj1gV09zTJTaM6KBAHqLN907YVQqf7zC49+DcO4B1so4ZX07Ef10Twr6nuqYEH9GEggFXA4Fmg==}

  '@scure/bip32@1.7.0':
    resolution: {integrity: sha512-E4FFX/N3f4B80AKWp5dP6ow+flD1LQZo/w8UnLGYZO674jS6YnYeepycOOksv+vLPSpgN35wgKgy+ybfTb2SMw==}

  '@scure/bip39@1.6.0':
    resolution: {integrity: sha512-+lF0BbLiJNwVlev4eKelw1WWLaiKXw7sSl8T6FvBlWkdX+94aGJ4o8XjUdlyhTCjd8c+B3KT3JfS8P0bLRNU6A==}

  '@types/node@24.2.1':
    resolution: {integrity: sha512-DRh5K+ka5eJic8CjH7td8QpYEV6Zo10gfRkjHCO3weqZHWDtAaSTFtl4+VMqOJ4N5jcuhZ9/l+yy8rVgw7BQeQ==}

  abitype@1.0.8:
    resolution: {integrity: sha512-ZeiI6h3GnW06uYDLx0etQtX/p8E24UaHHBj57RSjK7YBFe7iuVn07EDpOeP451D06sF27VOz9JJPlIKJmXgkEg==}
    peerDependencies:
      typescript: '>=5.0.4'
      zod: ^3 >=3.22.0
    peerDependenciesMeta:
      typescript:
        optional: true
      zod:
        optional: true

  eventemitter3@5.0.1:
    resolution: {integrity: sha512-GWkBvjiSZK87ELrYOSESUYeVIc9mvLLf/nXalMOS5dYrgZq9o5OVkbZAVM06CVxYsCwH9BDZFPlQTlPA1j4ahA==}

  isows@1.0.7:
    resolution: {integrity: sha512-I1fSfDCZL5P0v33sVqeTDSpcstAg/N+wF5HS033mogOVIp4B+oHC7oOCsA3axAbBSGTJ8QubbNmnIRN/h8U7hg==}
    peerDependencies:
      ws: '*'

  ox@0.8.6:
    resolution: {integrity: sha512-eiKcgiVVEGDtEpEdFi1EGoVVI48j6icXHce9nFwCNM7CKG3uoCXKdr4TPhS00Iy1TR2aWSF1ltPD0x/YgqIL9w==}
    peerDependencies:
      typescript: '>=5.4.0'
    peerDependenciesMeta:
      typescript:
        optional: true

  typescript@5.9.2:
    resolution: {integrity: sha512-CWBzXQrc/qOkhidw1OzBTQuYRbfyxDXJMVJ1XNwUHGROVmuaeiEm3OslpZ1RV96d7SKKjZKrSJu3+t/xlw3R9A==}
    engines: {node: '>=14.17'}
    hasBin: true

  undici-types@7.10.0:
    resolution: {integrity: sha512-t5Fy/nfn+14LuOc2KNYg75vZqClpAiqscVvMygNnlsHBFpSXdJaYtXMcdNLpl/Qvc3P2cB3s6lOV51nqsFq4ag==}

  viem@2.33.3:
    resolution: {integrity: sha512-aWDr6i6r3OfNCs0h9IieHFhn7xQJJ8YsuA49+9T5JRyGGAkWhLgcbLq2YMecgwM7HdUZpx1vPugZjsShqNi7Gw==}
    peerDependencies:
      typescript: '>=5.0.4'
    peerDependenciesMeta:
      typescript:
        optional: true

  ws@8.18.2:
    resolution: {integrity: sha512-DMricUmwGZUVr++AEAe2uiVM7UoO9MAVZMDu05UQOaUII0lp+zOzLLU4Xqh/JvTqklB1T4uELaaPBKyjE1r4fQ==}
    engines: {node: '>=10.0.0'}
    peerDependencies:
      bufferutil: ^4.0.1
      utf-8-validate: '>=5.0.2'
    peerDependenciesMeta:
      bufferutil:
        optional: true
      utf-8-validate:
        optional: true

snapshots:

  '@adraffy/ens-normalize@1.11.0': {}

  '@envio-dev/hypersync-client-darwin-arm64@0.6.5':
    optional: true

  '@envio-dev/hypersync-client-darwin-x64@0.6.5':
    optional: true

  '@envio-dev/hypersync-client-linux-arm64-gnu@0.6.5':
    optional: true

  '@envio-dev/hypersync-client-linux-x64-gnu@0.6.5':
    optional: true

  '@envio-dev/hypersync-client-linux-x64-musl@0.6.5':
    optional: true

  '@envio-dev/hypersync-client-win32-x64-msvc@0.6.5':
    optional: true

  '@envio-dev/hypersync-client@0.6.5':
    optionalDependencies:
      '@envio-dev/hypersync-client-darwin-arm64': 0.6.5
      '@envio-dev/hypersync-client-darwin-x64': 0.6.5
      '@envio-dev/hypersync-client-linux-arm64-gnu': 0.6.5
      '@envio-dev/hypersync-client-linux-x64-gnu': 0.6.5
      '@envio-dev/hypersync-client-linux-x64-musl': 0.6.5
      '@envio-dev/hypersync-client-win32-x64-msvc': 0.6.5

  '@noble/ciphers@1.3.0': {}

  '@noble/curves@1.9.2':
    dependencies:
      '@noble/hashes': 1.8.0

  '@noble/hashes@1.8.0': {}

  '@scure/base@1.2.6': {}

  '@scure/bip32@1.7.0':
    dependencies:
      '@noble/curves': 1.9.2
      '@noble/hashes': 1.8.0
      '@scure/base': 1.2.6

  '@scure/bip39@1.6.0':
    dependencies:
      '@noble/hashes': 1.8.0
      '@scure/base': 1.2.6

  '@types/node@24.2.1':
    dependencies:
      undici-types: 7.10.0

  abitype@1.0.8(typescript@5.9.2):
    optionalDependencies:
      typescript: 5.9.2

  eventemitter3@5.0.1: {}

  isows@1.0.7(ws@8.18.2):
    dependencies:
      ws: 8.18.2

  ox@0.8.6(typescript@5.9.2):
    dependencies:
      '@adraffy/ens-normalize': 1.11.0
      '@noble/ciphers': 1.3.0
      '@noble/curves': 1.9.2
      '@noble/hashes': 1.8.0
      '@scure/bip32': 1.7.0
      '@scure/bip39': 1.6.0
      abitype: 1.0.8(typescript@5.9.2)
      eventemitter3: 5.0.1
    optionalDependencies:
      typescript: 5.9.2
    transitivePeerDependencies:
      - zod

  typescript@5.9.2: {}

  undici-types@7.10.0: {}

  viem@2.33.3(typescript@5.9.2):
    dependencies:
      '@noble/curves': 1.9.2
      '@noble/hashes': 1.8.0
      '@scure/bip32': 1.7.0
      '@scure/bip39': 1.6.0
      abitype: 1.0.8(typescript@5.9.2)
      isows: 1.0.7(ws@8.18.2)
      ox: 0.8.6(typescript@5.9.2)
      ws: 8.18.2
    optionalDependencies:
      typescript: 5.9.2
    transitivePeerDependencies:
      - bufferutil
      - utf-8-validate
      - zod

  ws@8.18.2: {}
